
Microsoft Visual Studio Solution File, Format Version 12.00
# Visual Studio 14
VisualStudioVersion = 14.0.24720.0
MinimumVisualStudioVersion = 10.0.40219.1
Project("{FAE04EC0-301F-11D3-BF4B-00C04F79EFBC}") = "AkkaAndWpfExample.ThermostatSystem", "AkkaAndWpfExample.ThermostatSystem\AkkaAndWpfExample.ThermostatSystem.csproj", "{BA8D5CBB-EE18-42B7-B871-EB055F2F57AF}"
EndProject
Project("{FAE04EC0-301F-11D3-BF4B-00C04F79EFBC}") = "AkkaAndWpfExample.ThermostatUI", "AkkaAndWpfExample.ThermostatUI\AkkaAndWpfExample.ThermostatUI.csproj", "{A089EB45-0F65-4BED-AD47-4D067C74A31E}"
EndProject
Global
	GlobalSection(SolutionConfigurationPlatforms) = preSolution
		Debug|Any CPU = Debug|Any CPU
		Release|Any CPU = Release|Any CPU
	EndGlobalSection
	GlobalSection(ProjectConfigurationPlatforms) = postSolution
		{BA8D5CBB-EE18-42B7-B871-EB055F2F57AF}.Debug|Any CPU.ActiveCfg = Debug|Any CPU
		{BA8D5CBB-EE18-42B7-B871-EB055F2F57AF}.Debug|Any CPU.Build.0 = Debug|Any CPU
		{BA8D5CBB-EE18-42B7-B871-EB055F2F57AF}.Release|Any CPU.ActiveCfg = Release|Any CPU
		{BA8D5CBB-EE18-42B7-B871-EB055F2F57AF}.Release|Any CPU.Build.0 = Release|Any CPU
		{A089EB45-0F65-4BED-AD47-4D067C74A31E}.Debug|Any CPU.ActiveCfg = Debug|Any CPU
		{A089EB45-0F65-4BED-AD47-4D067C74A31E}.Debug|Any CPU.Build.0 = Debug|Any CPU
		{A089EB45-0F65-4BED-AD47-4D067C74A31E}.Release|Any CPU.ActiveCfg = Release|Any CPU
		{A089EB45-0F65-4BED-AD47-4D067C74A31E}.Release|Any CPU.Build.0 = Release|Any CPU
	EndGlobalSection
	GlobalSection(SolutionProperties) = preSolution
		HideSolutionNode = FALSE
	EndGlobalSection
EndGlobal
